
Microsoft Visual Studio Solution File, Format Version 12.00
# Visual Studio Version 17
VisualStudioVersion = 17.11.35327.3
MinimumVisualStudioVersion = 10.0.40219.1
Project("{9A19103F-16F7-4668-BE54-9A1E7A4F7556}") = "bsStoreApp", "bsStoreApp\bsStoreApp.csproj", "{F728C9BB-AC4C-4A05-8F47-DECEC45D8696}"
EndProject
Project("{9A19103F-16F7-4668-BE54-9A1E7A4F7556}") = "Entities", "Entities\Entities.csproj", "{F049C6AB-F5B9-4FC5-A4AA-D845EA362BD4}"
EndProject
Project("{9A19103F-16F7-4668-BE54-9A1E7A4F7556}") = "Repositories", "Repositories\Repositories.csproj", "{55C603D9-0830-402D-9460-DE8726054A64}"
EndProject
Project("{9A19103F-16F7-4668-BE54-9A1E7A4F7556}") = "Services", "Services\Services.csproj", "{2B957504-D5F3-4979-B454-755B3FC7BD42}"
EndProject
Project("{FAE04EC0-301F-11D3-BF4B-00C04F79EFBC}") = "Presentation", "Presentation\Presentation.csproj", "{C11348FC-3425-4167-A66B-7A5C007500D6}"
EndProject
Global
	GlobalSection(SolutionConfigurationPlatforms) = preSolution
		Debug|Any CPU = Debug|Any CPU
		Release|Any CPU = Release|Any CPU
	EndGlobalSection
	GlobalSection(ProjectConfigurationPlatforms) = postSolution
		{F728C9BB-AC4C-4A05-8F47-DECEC45D8696}.Debug|Any CPU.ActiveCfg = Debug|Any CPU
		{F728C9BB-AC4C-4A05-8F47-DECEC45D8696}.Debug|Any CPU.Build.0 = Debug|Any CPU
		{F728C9BB-AC4C-4A05-8F47-DECEC45D8696}.Release|Any CPU.ActiveCfg = Release|Any CPU
		{F728C9BB-AC4C-4A05-8F47-DECEC45D8696}.Release|Any CPU.Build.0 = Release|Any CPU
		{F049C6AB-F5B9-4FC5-A4AA-D845EA362BD4}.Debug|Any CPU.ActiveCfg = Debug|Any CPU
		{F049C6AB-F5B9-4FC5-A4AA-D845EA362BD4}.Debug|Any CPU.Build.0 = Debug|Any CPU
		{F049C6AB-F5B9-4FC5-A4AA-D845EA362BD4}.Release|Any CPU.ActiveCfg = Release|Any CPU
		{F049C6AB-F5B9-4FC5-A4AA-D845EA362BD4}.Release|Any CPU.Build.0 = Release|Any CPU
		{55C603D9-0830-402D-9460-DE8726054A64}.Debug|Any CPU.ActiveCfg = Debug|Any CPU
		{55C603D9-0830-402D-9460-DE8726054A64}.Debug|Any CPU.Build.0 = Debug|Any CPU
		{55C603D9-0830-402D-9460-DE8726054A64}.Release|Any CPU.ActiveCfg = Release|Any CPU
		{55C603D9-0830-402D-9460-DE8726054A64}.Release|Any CPU.Build.0 = Release|Any CPU
		{2B957504-D5F3-4979-B454-755B3FC7BD42}.Debug|Any CPU.ActiveCfg = Debug|Any CPU
		{2B957504-D5F3-4979-B454-755B3FC7BD42}.Debug|Any CPU.Build.0 = Debug|Any CPU
		{2B957504-D5F3-4979-B454-755B3FC7BD42}.Release|Any CPU.ActiveCfg = Release|Any CPU
		{2B957504-D5F3-4979-B454-755B3FC7BD42}.Release|Any CPU.Build.0 = Release|Any CPU
		{C11348FC-3425-4167-A66B-7A5C007500D6}.Debug|Any CPU.ActiveCfg = Debug|Any CPU
		{C11348FC-3425-4167-A66B-7A5C007500D6}.Debug|Any CPU.Build.0 = Debug|Any CPU
		{C11348FC-3425-4167-A66B-7A5C007500D6}.Release|Any CPU.ActiveCfg = Release|Any CPU
		{C11348FC-3425-4167-A66B-7A5C007500D6}.Release|Any CPU.Build.0 = Release|Any CPU
	EndGlobalSection
	GlobalSection(SolutionProperties) = preSolution
		HideSolutionNode = FALSE
	EndGlobalSection
	GlobalSection(ExtensibilityGlobals) = postSolution
		SolutionGuid = {D5F393E1-4A7A-4C7C-B2BD-0551C575D820}
	EndGlobalSection
EndGlobal
